{
  "object": {
    "pins": [
      {
        "package": "LegoColors",
        "repositoryURL": "https://github.com/Kyome22/LegoColors",
        "state": {
          "branch": "main",
          "revision": "4dd6bb09db4e2a47b36987b969012df826696e9c",
          "version": null
        }
      }
    ]
  },
  "version": 1
}
