{
  "object": {
    "pins": [
      {
        "package": "LegoColors",
        "repositoryURL": "https://github.com/Kyome22/LegoColors",
        "state": {
          "branch": "main",
          "revision": "bdae1e6a5099aff9179cfdc089aa86cf8ddc8ec4",
          "version": null
        }
      }
    ]
  },
  "version": 1
}
