// !$*UTF8*$!
{
	archiveVersion = 1;
	classes = {
	};
	objectVersion = 52;
	objects = {

/* Begin PBXBuildFile section */
		1CC2EE212714639F007D63F5 /* LegoArtFilterDemoApp.swift in Sources */ = {isa = PBXBuildFile; fileRef = 1CC2EE0E2714639E007D63F5 /* LegoArtFilterDemoApp.swift */; };
		1CC2EE222714639F007D63F5 /* LegoArtFilterDemoApp.swift in Sources */ = {isa = PBXBuildFile; fileRef = 1CC2EE0E2714639E007D63F5 /* LegoArtFilterDemoApp.swift */; };
		1CC2EE232714639F007D63F5 /* ContentView.swift in Sources */ = {isa = PBXBuildFile; fileRef = 1CC2EE0F2714639E007D63F5 /* ContentView.swift */; };
		1CC2EE242714639F007D63F5 /* ContentView.swift in Sources */ = {isa = PBXBuildFile; fileRef = 1CC2EE0F2714639E007D63F5 /* ContentView.swift */; };
		1CC2EE252714639F007D63F5 /* Assets.xcassets in Resources */ = {isa = PBXBuildFile; fileRef = 1CC2EE102714639F007D63F5 /* Assets.xcassets */; };
		1CC2EE262714639F007D63F5 /* Assets.xcassets in Resources */ = {isa = PBXBuildFile; fileRef = 1CC2EE102714639F007D63F5 /* Assets.xcassets */; };
		1CC2EE3C27147FB4007D63F5 /* FileSelectView_macOS.swift in Sources */ = {isa = PBXBuildFile; fileRef = 1CC2EE3B27147FB4007D63F5 /* FileSelectView_macOS.swift */; };
		1CC2EE3F271480D7007D63F5 /* FileChooser.swift in Sources */ = {isa = PBXBuildFile; fileRef = 1CC2EE3D271480D4007D63F5 /* FileChooser.swift */; };
		1CC2EE40271480DC007D63F5 /* FileSelectView_iOS.swift in Sources */ = {isa = PBXBuildFile; fileRef = 1CC2EE3927147F8D007D63F5 /* FileSelectView_iOS.swift */; };
		798D047F271D815200B2E10A /* LegoArtFilter in Frameworks */ = {isa = PBXBuildFile; productRef = 798D047E271D815200B2E10A /* LegoArtFilter */; };
		798D0481271D819200B2E10A /* LegoArtFilter in Frameworks */ = {isa = PBXBuildFile; productRef = 798D0480271D819200B2E10A /* LegoArtFilter */; };
/* End PBXBuildFile section */

/* Begin PBXFileReference section */
		1CC2EE0E2714639E007D63F5 /* LegoArtFilterDemoApp.swift */ = {isa = PBXFileReference; lastKnownFileType = sourcecode.swift; path = LegoArtFilterDemoApp.swift; sourceTree = "<group>"; };
		1CC2EE0F2714639E007D63F5 /* ContentView.swift */ = {isa = PBXFileReference; lastKnownFileType = sourcecode.swift; path = ContentView.swift; sourceTree = "<group>"; };
		1CC2EE102714639F007D63F5 /* Assets.xcassets */ = {isa = PBXFileReference; lastKnownFileType = folder.assetcatalog; path = Assets.xcassets; sourceTree = "<group>"; };
		1CC2EE152714639F007D63F5 /* LegoArtFilterDemo.app */ = {isa = PBXFileReference; explicitFileType = wrapper.application; includeInIndex = 0; path = LegoArtFilterDemo.app; sourceTree = BUILT_PRODUCTS_DIR; };
		1CC2EE182714639F007D63F5 /* Info.plist */ = {isa = PBXFileReference; lastKnownFileType = text.plist.xml; path = Info.plist; sourceTree = "<group>"; };
		1CC2EE1D2714639F007D63F5 /* LegoArtFilterDemo.app */ = {isa = PBXFileReference; explicitFileType = wrapper.application; includeInIndex = 0; path = LegoArtFilterDemo.app; sourceTree = BUILT_PRODUCTS_DIR; };
		1CC2EE1F2714639F007D63F5 /* Info.plist */ = {isa = PBXFileReference; lastKnownFileType = text.plist.xml; path = Info.plist; sourceTree = "<group>"; };
		1CC2EE202714639F007D63F5 /* macOS.entitlements */ = {isa = PBXFileReference; lastKnownFileType = text.plist.entitlements; path = macOS.entitlements; sourceTree = "<group>"; };
		1CC2EE3927147F8D007D63F5 /* FileSelectView_iOS.swift */ = {isa = PBXFileReference; lastKnownFileType = sourcecode.swift; path = FileSelectView_iOS.swift; sourceTree = "<group>"; };
		1CC2EE3B27147FB4007D63F5 /* FileSelectView_macOS.swift */ = {isa = PBXFileReference; lastKnownFileType = sourcecode.swift; path = FileSelectView_macOS.swift; sourceTree = "<group>"; };
		1CC2EE3D271480D4007D63F5 /* FileChooser.swift */ = {isa = PBXFileReference; lastKnownFileType = sourcecode.swift; path = FileChooser.swift; sourceTree = "<group>"; };
		1CDC15B7271B093D000A4BF7 /* FileSaveView_macOS.swift */ = {isa = PBXFileReference; lastKnownFileType = sourcecode.swift; path = FileSaveView_macOS.swift; sourceTree = "<group>"; };
		798D047D271D812B00B2E10A /* LegoArtFilter */ = {isa = PBXFileReference; lastKnownFileType = folder; name = LegoArtFilter; path = ..; sourceTree = "<group>"; };
/* End PBXFileReference section */

/* Begin PBXFrameworksBuildPhase section */
		1CC2EE122714639F007D63F5 /* Frameworks */ = {
			isa = PBXFrameworksBuildPhase;
			buildActionMask = 2147483647;
			files = (
				798D047F271D815200B2E10A /* LegoArtFilter in Frameworks */,
			);
			runOnlyForDeploymentPostprocessing = 0;
		};
		1CC2EE1A2714639F007D63F5 /* Frameworks */ = {
			isa = PBXFrameworksBuildPhase;
			buildActionMask = 2147483647;
			files = (
				798D0481271D819200B2E10A /* LegoArtFilter in Frameworks */,
			);
			runOnlyForDeploymentPostprocessing = 0;
		};
/* End PBXFrameworksBuildPhase section */

/* Begin PBXGroup section */
		1CC2EE082714639E007D63F5 = {
			isa = PBXGroup;
			children = (
				798D047C271D812B00B2E10A /* Packages */,
				1CC2EE0D2714639E007D63F5 /* Shared */,
				1CC2EE172714639F007D63F5 /* iOS */,
				1CC2EE1E2714639F007D63F5 /* macOS */,
				1CC2EE162714639F007D63F5 /* Products */,
				1CC2EE3627146895007D63F5 /* Frameworks */,
			);
			sourceTree = "<group>";
		};
		1CC2EE0D2714639E007D63F5 /* Shared */ = {
			isa = PBXGroup;
			children = (
				1CC2EE0E2714639E007D63F5 /* LegoArtFilterDemoApp.swift */,
				1CC2EE0F2714639E007D63F5 /* ContentView.swift */,
				1CC2EE102714639F007D63F5 /* Assets.xcassets */,
			);
			path = Shared;
			sourceTree = "<group>";
		};
		1CC2EE162714639F007D63F5 /* Products */ = {
			isa = PBXGroup;
			children = (
				1CC2EE152714639F007D63F5 /* LegoArtFilterDemo.app */,
				1CC2EE1D2714639F007D63F5 /* LegoArtFilterDemo.app */,
			);
			name = Products;
			sourceTree = "<group>";
		};
		1CC2EE172714639F007D63F5 /* iOS */ = {
			isa = PBXGroup;
			children = (
				1CC2EE182714639F007D63F5 /* Info.plist */,
				1CC2EE3927147F8D007D63F5 /* FileSelectView_iOS.swift */,
				1CC2EE3D271480D4007D63F5 /* FileChooser.swift */,
			);
			path = iOS;
			sourceTree = "<group>";
		};
		1CC2EE1E2714639F007D63F5 /* macOS */ = {
			isa = PBXGroup;
			children = (
				1CC2EE3B27147FB4007D63F5 /* FileSelectView_macOS.swift */,
				1CDC15B7271B093D000A4BF7 /* FileSaveView_macOS.swift */,
				1CC2EE1F2714639F007D63F5 /* Info.plist */,
				1CC2EE202714639F007D63F5 /* macOS.entitlements */,
			);
			path = macOS;
			sourceTree = "<group>";
		};
		1CC2EE3627146895007D63F5 /* Frameworks */ = {
			isa = PBXGroup;
			children = (
			);
			name = Frameworks;
			sourceTree = "<group>";
		};
		798D047C271D812B00B2E10A /* Packages */ = {
			isa = PBXGroup;
			children = (
				798D047D271D812B00B2E10A /* LegoArtFilter */,
			);
			name = Packages;
			sourceTree = "<group>";
		};
/* End PBXGroup section */

/* Begin PBXNativeTarget section */
		1CC2EE142714639F007D63F5 /* LegoArtFilterDemo (iOS) */ = {
			isa = PBXNativeTarget;
			buildConfigurationList = 1CC2EE292714639F007D63F5 /* Build configuration list for PBXNativeTarget "LegoArtFilterDemo (iOS)" */;
			buildPhases = (
				1CC2EE112714639F007D63F5 /* Sources */,
				1CC2EE122714639F007D63F5 /* Frameworks */,
				1CC2EE132714639F007D63F5 /* Resources */,
			);
			buildRules = (
			);
			dependencies = (
			);
			name = "LegoArtFilterDemo (iOS)";
			packageProductDependencies = (
				798D047E271D815200B2E10A /* LegoArtFilter */,
			);
			productName = "LegoArtFilterDemo (iOS)";
			productReference = 1CC2EE152714639F007D63F5 /* LegoArtFilterDemo.app */;
			productType = "com.apple.product-type.application";
		};
		1CC2EE1C2714639F007D63F5 /* LegoArtFilterDemo (macOS) */ = {
			isa = PBXNativeTarget;
			buildConfigurationList = 1CC2EE2C2714639F007D63F5 /* Build configuration list for PBXNativeTarget "LegoArtFilterDemo (macOS)" */;
			buildPhases = (
				1CC2EE192714639F007D63F5 /* Sources */,
				1CC2EE1A2714639F007D63F5 /* Frameworks */,
				1CC2EE1B2714639F007D63F5 /* Resources */,
			);
			buildRules = (
			);
			dependencies = (
			);
			name = "LegoArtFilterDemo (macOS)";
			packageProductDependencies = (
				798D0480271D819200B2E10A /* LegoArtFilter */,
			);
			productName = "LegoArtFilterDemo (macOS)";
			productReference = 1CC2EE1D2714639F007D63F5 /* LegoArtFilterDemo.app */;
			productType = "com.apple.product-type.application";
		};
/* End PBXNativeTarget section */

/* Begin PBXProject section */
		1CC2EE092714639E007D63F5 /* Project object */ = {
			isa = PBXProject;
			attributes = {
				LastSwiftUpdateCheck = 1250;
				LastUpgradeCheck = 1300;
				TargetAttributes = {
					1CC2EE142714639F007D63F5 = {
						CreatedOnToolsVersion = 12.5.1;
					};
					1CC2EE1C2714639F007D63F5 = {
						CreatedOnToolsVersion = 12.5.1;
					};
				};
			};
			buildConfigurationList = 1CC2EE0C2714639E007D63F5 /* Build configuration list for PBXProject "LegoArtFilterDemo" */;
			compatibilityVersion = "Xcode 9.3";
			developmentRegion = en;
			hasScannedForEncodings = 0;
			knownRegions = (
				en,
				Base,
			);
			mainGroup = 1CC2EE082714639E007D63F5;
			packageReferences = (
			);
			productRefGroup = 1CC2EE162714639F007D63F5 /* Products */;
			projectDirPath = "";
			projectRoot = "";
			targets = (
				1CC2EE142714639F007D63F5 /* LegoArtFilterDemo (iOS) */,
				1CC2EE1C2714639F007D63F5 /* LegoArtFilterDemo (macOS) */,
			);
		};
/* End PBXProject section */

/* Begin PBXResourcesBuildPhase section */
		1CC2EE132714639F007D63F5 /* Resources */ = {
			isa = PBXResourcesBuildPhase;
			buildActionMask = 2147483647;
			files = (
				1CC2EE252714639F007D63F5 /* Assets.xcassets in Resources */,
			);
			runOnlyForDeploymentPostprocessing = 0;
		};
		1CC2EE1B2714639F007D63F5 /* Resources */ = {
			isa = PBXResourcesBuildPhase;
			buildActionMask = 2147483647;
			files = (
				1CC2EE262714639F007D63F5 /* Assets.xcassets in Resources */,
			);
			runOnlyForDeploymentPostprocessing = 0;
		};
/* End PBXResourcesBuildPhase section */

/* Begin PBXSourcesBuildPhase section */
		1CC2EE112714639F007D63F5 /* Sources */ = {
			isa = PBXSourcesBuildPhase;
			buildActionMask = 2147483647;
			files = (
				1CC2EE40271480DC007D63F5 /* FileSelectView_iOS.swift in Sources */,
				1CC2EE232714639F007D63F5 /* ContentView.swift in Sources */,
				1CC2EE3F271480D7007D63F5 /* FileChooser.swift in Sources */,
				1CC2EE212714639F007D63F5 /* LegoArtFilterDemoApp.swift in Sources */,
			);
			runOnlyForDeploymentPostprocessing = 0;
		};
		1CC2EE192714639F007D63F5 /* Sources */ = {
			isa = PBXSourcesBuildPhase;
			buildActionMask = 2147483647;
			files = (
				1CC2EE242714639F007D63F5 /* ContentView.swift in Sources */,
				1CC2EE3C27147FB4007D63F5 /* FileSelectView_macOS.swift in Sources */,
				1CC2EE222714639F007D63F5 /* LegoArtFilterDemoApp.swift in Sources */,
			);
			runOnlyForDeploymentPostprocessing = 0;
		};
/* End PBXSourcesBuildPhase section */

/* Begin XCBuildConfiguration section */
		1CC2EE272714639F007D63F5 /* Debug */ = {
			isa = XCBuildConfiguration;
			buildSettings = {
				ALWAYS_SEARCH_USER_PATHS = NO;
				CLANG_ANALYZER_NONNULL = YES;
				CLANG_ANALYZER_NUMBER_OBJECT_CONVERSION = YES_AGGRESSIVE;
				CLANG_CXX_LANGUAGE_STANDARD = "gnu++14";
				CLANG_CXX_LIBRARY = "libc++";
				CLANG_ENABLE_MODULES = YES;
				CLANG_ENABLE_OBJC_ARC = YES;
				CLANG_ENABLE_OBJC_WEAK = YES;
				CLANG_WARN_BLOCK_CAPTURE_AUTORELEASING = YES;
				CLANG_WARN_BOOL_CONVERSION = YES;
				CLANG_WARN_COMMA = YES;
				CLANG_WARN_CONSTANT_CONVERSION = YES;
				CLANG_WARN_DEPRECATED_OBJC_IMPLEMENTATIONS = YES;
				CLANG_WARN_DIRECT_OBJC_ISA_USAGE = YES_ERROR;
				CLANG_WARN_DOCUMENTATION_COMMENTS = YES;
				CLANG_WARN_EMPTY_BODY = YES;
				CLANG_WARN_ENUM_CONVERSION = YES;
				CLANG_WARN_INFINITE_RECURSION = YES;
				CLANG_WARN_INT_CONVERSION = YES;
				CLANG_WARN_NON_LITERAL_NULL_CONVERSION = YES;
				CLANG_WARN_OBJC_IMPLICIT_RETAIN_SELF = YES;
				CLANG_WARN_OBJC_LITERAL_CONVERSION = YES;
				CLANG_WARN_OBJC_ROOT_CLASS = YES_ERROR;
				CLANG_WARN_QUOTED_INCLUDE_IN_FRAMEWORK_HEADER = YES;
				CLANG_WARN_RANGE_LOOP_ANALYSIS = YES;
				CLANG_WARN_STRICT_PROTOTYPES = YES;
				CLANG_WARN_SUSPICIOUS_MOVE = YES;
				CLANG_WARN_UNGUARDED_AVAILABILITY = YES_AGGRESSIVE;
				CLANG_WARN_UNREACHABLE_CODE = YES;
				CLANG_WARN__DUPLICATE_METHOD_MATCH = YES;
				COPY_PHASE_STRIP = NO;
				DEBUG_INFORMATION_FORMAT = dwarf;
				ENABLE_STRICT_OBJC_MSGSEND = YES;
				ENABLE_TESTABILITY = YES;
				GCC_C_LANGUAGE_STANDARD = gnu11;
				GCC_DYNAMIC_NO_PIC = NO;
				GCC_NO_COMMON_BLOCKS = YES;
				GCC_OPTIMIZATION_LEVEL = 0;
				GCC_PREPROCESSOR_DEFINITIONS = (
					"DEBUG=1",
					"$(inherited)",
				);
				GCC_WARN_64_TO_32_BIT_CONVERSION = YES;
				GCC_WARN_ABOUT_RETURN_TYPE = YES_ERROR;
				GCC_WARN_UNDECLARED_SELECTOR = YES;
				GCC_WARN_UNINITIALIZED_AUTOS = YES_AGGRESSIVE;
				GCC_WARN_UNUSED_FUNCTION = YES;
				GCC_WARN_UNUSED_VARIABLE = YES;
				IPHONEOS_DEPLOYMENT_TARGET = 14.1;
				MACOSX_DEPLOYMENT_TARGET = 11.0;
				MTL_ENABLE_DEBUG_INFO = INCLUDE_SOURCE;
				MTL_FAST_MATH = YES;
				ONLY_ACTIVE_ARCH = YES;
				SWIFT_ACTIVE_COMPILATION_CONDITIONS = DEBUG;
				SWIFT_OPTIMIZATION_LEVEL = "-Onone";
			};
			name = Debug;
		};
		1CC2EE282714639F007D63F5 /* Release */ = {
			isa = XCBuildConfiguration;
			buildSettings = {
				ALWAYS_SEARCH_USER_PATHS = NO;
				CLANG_ANALYZER_NONNULL = YES;
				CLANG_ANALYZER_NUMBER_OBJECT_CONVERSION = YES_AGGRESSIVE;
				CLANG_CXX_LANGUAGE_STANDARD = "gnu++14";
				CLANG_CXX_LIBRARY = "libc++";
				CLANG_ENABLE_MODULES = YES;
				CLANG_ENABLE_OBJC_ARC = YES;
				CLANG_ENABLE_OBJC_WEAK = YES;
				CLANG_WARN_BLOCK_CAPTURE_AUTORELEASING = YES;
				CLANG_WARN_BOOL_CONVERSION = YES;
				CLANG_WARN_COMMA = YES;
				CLANG_WARN_CONSTANT_CONVERSION = YES;
				CLANG_WARN_DEPRECATED_OBJC_IMPLEMENTATIONS = YES;
				CLANG_WARN_DIRECT_OBJC_ISA_USAGE = YES_ERROR;
				CLANG_WARN_DOCUMENTATION_COMMENTS = YES;
				CLANG_WARN_EMPTY_BODY = YES;
				CLANG_WARN_ENUM_CONVERSION = YES;
				CLANG_WARN_INFINITE_RECURSION = YES;
				CLANG_WARN_INT_CONVERSION = YES;
				CLANG_WARN_NON_LITERAL_NULL_CONVERSION = YES;
				CLANG_WARN_OBJC_IMPLICIT_RETAIN_SELF = YES;
				CLANG_WARN_OBJC_LITERAL_CONVERSION = YES;
				CLANG_WARN_OBJC_ROOT_CLASS = YES_ERROR;
				CLANG_WARN_QUOTED_INCLUDE_IN_FRAMEWORK_HEADER = YES;
				CLANG_WARN_RANGE_LOOP_ANALYSIS = YES;
				CLANG_WARN_STRICT_PROTOTYPES = YES;
				CLANG_WARN_SUSPICIOUS_MOVE = YES;
				CLANG_WARN_UNGUARDED_AVAILABILITY = YES_AGGRESSIVE;
				CLANG_WARN_UNREACHABLE_CODE = YES;
				CLANG_WARN__DUPLICATE_METHOD_MATCH = YES;
				COPY_PHASE_STRIP = NO;
				DEBUG_INFORMATION_FORMAT = "dwarf-with-dsym";
				ENABLE_NS_ASSERTIONS = NO;
				ENABLE_STRICT_OBJC_MSGSEND = YES;
				GCC_C_LANGUAGE_STANDARD = gnu11;
				GCC_NO_COMMON_BLOCKS = YES;
				GCC_WARN_64_TO_32_BIT_CONVERSION = YES;
				GCC_WARN_ABOUT_RETURN_TYPE = YES_ERROR;
				GCC_WARN_UNDECLARED_SELECTOR = YES;
				GCC_WARN_UNINITIALIZED_AUTOS = YES_AGGRESSIVE;
				GCC_WARN_UNUSED_FUNCTION = YES;
				GCC_WARN_UNUSED_VARIABLE = YES;
				IPHONEOS_DEPLOYMENT_TARGET = 14.1;
				MACOSX_DEPLOYMENT_TARGET = 11.0;
				MTL_ENABLE_DEBUG_INFO = NO;
				MTL_FAST_MATH = YES;
				SWIFT_COMPILATION_MODE = wholemodule;
				SWIFT_OPTIMIZATION_LEVEL = "-O";
			};
			name = Release;
		};
		1CC2EE2A2714639F007D63F5 /* Debug */ = {
			isa = XCBuildConfiguration;
			buildSettings = {
				ASSETCATALOG_COMPILER_APPICON_NAME = AppIcon;
				ASSETCATALOG_COMPILER_GLOBAL_ACCENT_COLOR_NAME = AccentColor;
				CODE_SIGN_STYLE = Automatic;
				DEVELOPMENT_TEAM = VJ5N2X84K8;
				ENABLE_PREVIEWS = YES;
				INFOPLIST_FILE = iOS/Info.plist;
				IPHONEOS_DEPLOYMENT_TARGET = 14.0;
				LD_RUNPATH_SEARCH_PATHS = (
					"$(inherited)",
					"@executable_path/Frameworks",
				);
				PRODUCT_BUNDLE_IDENTIFIER = com.kyome.LegoArtFilterDemo;
				PRODUCT_NAME = LegoArtFilterDemo;
				SDKROOT = iphoneos;
				SWIFT_VERSION = 5.0;
				TARGETED_DEVICE_FAMILY = "1,2";
			};
			name = Debug;
		};
		1CC2EE2B2714639F007D63F5 /* Release */ = {
			isa = XCBuildConfiguration;
			buildSettings = {
				ASSETCATALOG_COMPILER_APPICON_NAME = AppIcon;
				ASSETCATALOG_COMPILER_GLOBAL_ACCENT_COLOR_NAME = AccentColor;
				CODE_SIGN_STYLE = Automatic;
				DEVELOPMENT_TEAM = VJ5N2X84K8;
				ENABLE_PREVIEWS = YES;
				INFOPLIST_FILE = iOS/Info.plist;
				IPHONEOS_DEPLOYMENT_TARGET = 14.0;
				LD_RUNPATH_SEARCH_PATHS = (
					"$(inherited)",
					"@executable_path/Frameworks",
				);
				PRODUCT_BUNDLE_IDENTIFIER = com.kyome.LegoArtFilterDemo;
				PRODUCT_NAME = LegoArtFilterDemo;
				SDKROOT = iphoneos;
				SWIFT_VERSION = 5.0;
				TARGETED_DEVICE_FAMILY = "1,2";
				VALIDATE_PRODUCT = YES;
			};
			name = Release;
		};
		1CC2EE2D2714639F007D63F5 /* Debug */ = {
			isa = XCBuildConfiguration;
			buildSettings = {
				ASSETCATALOG_COMPILER_APPICON_NAME = AppIcon;
				ASSETCATALOG_COMPILER_GLOBAL_ACCENT_COLOR_NAME = AccentColor;
				CODE_SIGN_ENTITLEMENTS = macOS/macOS.entitlements;
				CODE_SIGN_IDENTITY = "-";
				CODE_SIGN_STYLE = Automatic;
				COMBINE_HIDPI_IMAGES = YES;
				DEVELOPMENT_TEAM = VJ5N2X84K8;
				ENABLE_HARDENED_RUNTIME = YES;
				ENABLE_PREVIEWS = YES;
				INFOPLIST_FILE = macOS/Info.plist;
				LD_RUNPATH_SEARCH_PATHS = (
					"$(inherited)",
					"@executable_path/../Frameworks",
				);
				MACOSX_DEPLOYMENT_TARGET = 11.0;
				PRODUCT_BUNDLE_IDENTIFIER = com.kyome.LegoArtFilterDemo;
				PRODUCT_NAME = LegoArtFilterDemo;
				SDKROOT = macosx;
				SWIFT_VERSION = 5.0;
			};
			name = Debug;
		};
		1CC2EE2E2714639F007D63F5 /* Release */ = {
			isa = XCBuildConfiguration;
			buildSettings = {
				ASSETCATALOG_COMPILER_APPICON_NAME = AppIcon;
				ASSETCATALOG_COMPILER_GLOBAL_ACCENT_COLOR_NAME = AccentColor;
				CODE_SIGN_ENTITLEMENTS = macOS/macOS.entitlements;
				CODE_SIGN_IDENTITY = "-";
				CODE_SIGN_STYLE = Automatic;
				COMBINE_HIDPI_IMAGES = YES;
				DEVELOPMENT_TEAM = VJ5N2X84K8;
				ENABLE_HARDENED_RUNTIME = YES;
				ENABLE_PREVIEWS = YES;
				INFOPLIST_FILE = macOS/Info.plist;
				LD_RUNPATH_SEARCH_PATHS = (
					"$(inherited)",
					"@executable_path/../Frameworks",
				);
				MACOSX_DEPLOYMENT_TARGET = 11.0;
				PRODUCT_BUNDLE_IDENTIFIER = com.kyome.LegoArtFilterDemo;
				PRODUCT_NAME = LegoArtFilterDemo;
				SDKROOT = macosx;
				SWIFT_VERSION = 5.0;
			};
			name = Release;
		};
/* End XCBuildConfiguration section */

/* Begin XCConfigurationList section */
		1CC2EE0C2714639E007D63F5 /* Build configuration list for PBXProject "LegoArtFilterDemo" */ = {
			isa = XCConfigurationList;
			buildConfigurations = (
				1CC2EE272714639F007D63F5 /* Debug */,
				1CC2EE282714639F007D63F5 /* Release */,
			);
			defaultConfigurationIsVisible = 0;
			defaultConfigurationName = Release;
		};
		1CC2EE292714639F007D63F5 /* Build configuration list for PBXNativeTarget "LegoArtFilterDemo (iOS)" */ = {
			isa = XCConfigurationList;
			buildConfigurations = (
				1CC2EE2A2714639F007D63F5 /* Debug */,
				1CC2EE2B2714639F007D63F5 /* Release */,
			);
			defaultConfigurationIsVisible = 0;
			defaultConfigurationName = Release;
		};
		1CC2EE2C2714639F007D63F5 /* Build configuration list for PBXNativeTarget "LegoArtFilterDemo (macOS)" */ = {
			isa = XCConfigurationList;
			buildConfigurations = (
				1CC2EE2D2714639F007D63F5 /* Debug */,
				1CC2EE2E2714639F007D63F5 /* Release */,
			);
			defaultConfigurationIsVisible = 0;
			defaultConfigurationName = Release;
		};
/* End XCConfigurationList section */

/* Begin XCSwiftPackageProductDependency section */
		798D047E271D815200B2E10A /* LegoArtFilter */ = {
			isa = XCSwiftPackageProductDependency;
			productName = LegoArtFilter;
		};
		798D0480271D819200B2E10A /* LegoArtFilter */ = {
			isa = XCSwiftPackageProductDependency;
			productName = LegoArtFilter;
		};
/* End XCSwiftPackageProductDependency section */
	};
	rootObject = 1CC2EE092714639E007D63F5 /* Project object */;
}
